
Microsoft Visual Studio Solution File, Format Version 12.00
# Visual Studio Version 16
VisualStudioVersion = 16.0.32428.249
MinimumVisualStudioVersion = 10.0.40219.1
Project("{FAE04EC0-301F-11D3-BF4B-00C04F79EFBC}") = "WebFormSample", "WebFormSample.csproj", "{F927922C-9DD8-4A20-9009-3F705C23857C}"
EndProject
Global
	GlobalSection(SolutionConfigurationPlatforms) = preSolution
		Debug|Any CPU = Debug|Any CPU
		Release|Any CPU = Release|Any CPU
	EndGlobalSection
	GlobalSection(ProjectConfigurationPlatforms) = postSolution
		{F927922C-9DD8-4A20-9009-3F705C23857C}.Debug|Any CPU.ActiveCfg = Debug|Any CPU
		{F927922C-9DD8-4A20-9009-3F705C23857C}.Debug|Any CPU.Build.0 = Debug|Any CPU
		{F927922C-9DD8-4A20-9009-3F705C23857C}.Release|Any CPU.ActiveCfg = Release|Any CPU
		{F927922C-9DD8-4A20-9009-3F705C23857C}.Release|Any CPU.Build.0 = Release|Any CPU
	EndGlobalSection
	GlobalSection(SolutionProperties) = preSolution
		HideSolutionNode = FALSE
	EndGlobalSection
	GlobalSection(ExtensibilityGlobals) = postSolution
		SolutionGuid = {6DB45FA3-CBE8-472A-AD36-CCC1A8915F56}
	EndGlobalSection
EndGlobal
